// !$*UTF8*$!
{
	archiveVersion = 1;
	classes = {
	};
	objectVersion = 50;
	objects = {

/* Begin PBXBuildFile section */
		0F89982D5D92EB408744D8BB /* Pods_AkChat.framework in Frameworks */ = {isa = PBXBuildFile; fileRef = 650047E2F8E31546ACBFC09F /* Pods_AkChat.framework */; };
		3E063EDFB29E80EFEB307C77 /* Pods_AkChatUnitsTests.framework in Frameworks */ = {isa = PBXBuildFile; fileRef = F6C3F88ED55BDBD649B066F1 /* Pods_AkChatUnitsTests.framework */; };
		991662CF23265CBB000F4F4C /* ConnectViewController.swift in Sources */ = {isa = PBXBuildFile; fileRef = 991662CD23265CBB000F4F4C /* ConnectViewController.swift */; };
		991662D023265CBB000F4F4C /* ConnectViewController.xib in Resources */ = {isa = PBXBuildFile; fileRef = 991662CE23265CBB000F4F4C /* ConnectViewController.xib */; };
		991662D42326B855000F4F4C /* ConnectViewLayerShadow.swift in Sources */ = {isa = PBXBuildFile; fileRef = 991662D32326B855000F4F4C /* ConnectViewLayerShadow.swift */; };
		991662D82326BA4B000F4F4C /* ButtonConnect.swift in Sources */ = {isa = PBXBuildFile; fileRef = 991662D72326BA4B000F4F4C /* ButtonConnect.swift */; };
		992541E62354A32C00A37D5B /* NavigationTabBarViewController.swift in Sources */ = {isa = PBXBuildFile; fileRef = 992541E52354A32C00A37D5B /* NavigationTabBarViewController.swift */; };
		992541EB2354A3BB00A37D5B /* MessagesViewController.swift in Sources */ = {isa = PBXBuildFile; fileRef = 992541E92354A3BB00A37D5B /* MessagesViewController.swift */; };
		992541EC2354A3BB00A37D5B /* MessagesViewController.xib in Resources */ = {isa = PBXBuildFile; fileRef = 992541EA2354A3BB00A37D5B /* MessagesViewController.xib */; };
		992541F02354A3EA00A37D5B /* SearchViewController.swift in Sources */ = {isa = PBXBuildFile; fileRef = 992541EE2354A3EA00A37D5B /* SearchViewController.swift */; };
		992541F12354A3EA00A37D5B /* SearchViewController.xib in Resources */ = {isa = PBXBuildFile; fileRef = 992541EF2354A3EA00A37D5B /* SearchViewController.xib */; };
		992541F52354A47900A37D5B /* ProfileViewController.swift in Sources */ = {isa = PBXBuildFile; fileRef = 992541F32354A47900A37D5B /* ProfileViewController.swift */; };
		992541F62354A47900A37D5B /* ProfileViewController.xib in Resources */ = {isa = PBXBuildFile; fileRef = 992541F42354A47900A37D5B /* ProfileViewController.xib */; };
		992541FA2354C42000A37D5B /* AuthServiceSignIn.swift in Sources */ = {isa = PBXBuildFile; fileRef = 992541F92354C42000A37D5B /* AuthServiceSignIn.swift */; };
		992541FD2354C45000A37D5B /* AuthServiceLogOut.swift in Sources */ = {isa = PBXBuildFile; fileRef = 992541FC2354C45000A37D5B /* AuthServiceLogOut.swift */; };
		992542002354C57900A37D5B /* ConnectViewModel.swift in Sources */ = {isa = PBXBuildFile; fileRef = 992541FF2354C57900A37D5B /* ConnectViewModel.swift */; };
		992820702330D79200AF3667 /* CreateAccountViewController.swift in Sources */ = {isa = PBXBuildFile; fileRef = 9928206E2330D79200AF3667 /* CreateAccountViewController.swift */; };
		992820712330D79200AF3667 /* CreateAccountViewController.xib in Resources */ = {isa = PBXBuildFile; fileRef = 9928206F2330D79200AF3667 /* CreateAccountViewController.xib */; };
		992820752330DF8600AF3667 /* UIViewController.swift in Sources */ = {isa = PBXBuildFile; fileRef = 992820742330DF8600AF3667 /* UIViewController.swift */; };
		9961A48E233A0D2A00078A19 /* Alerts.swift in Sources */ = {isa = PBXBuildFile; fileRef = 9961A48D233A0D2A00078A19 /* Alerts.swift */; };
		9961A491233A101000078A19 /* CreateAccountViewModel.swift in Sources */ = {isa = PBXBuildFile; fileRef = 9961A490233A101000078A19 /* CreateAccountViewModel.swift */; };
		9961A494233A363600078A19 /* AuthServiceSignUp.swift in Sources */ = {isa = PBXBuildFile; fileRef = 9961A493233A363600078A19 /* AuthServiceSignUp.swift */; };
		998F22FD233A8FC100013844 /* AkChatUnitsTests.swift in Sources */ = {isa = PBXBuildFile; fileRef = 998F22FC233A8FC100013844 /* AkChatUnitsTests.swift */; };
		99B113D9233B8DA100F98088 /* Constantes.swift in Sources */ = {isa = PBXBuildFile; fileRef = 99B113D8233B8DA100F98088 /* Constantes.swift */; };
		99D8A2DF23180260003F7DF7 /* AppDelegate.swift in Sources */ = {isa = PBXBuildFile; fileRef = 99D8A2DE23180260003F7DF7 /* AppDelegate.swift */; };
		99D8A2E623180261003F7DF7 /* Assets.xcassets in Resources */ = {isa = PBXBuildFile; fileRef = 99D8A2E523180261003F7DF7 /* Assets.xcassets */; };
		99D8A2E923180261003F7DF7 /* LaunchScreen.storyboard in Resources */ = {isa = PBXBuildFile; fileRef = 99D8A2E723180261003F7DF7 /* LaunchScreen.storyboard */; };
		99D8A30423180571003F7DF7 /* GoogleService-Info.plist in Resources */ = {isa = PBXBuildFile; fileRef = 99D8A30323180571003F7DF7 /* GoogleService-Info.plist */; };
/* End PBXBuildFile section */

/* Begin PBXContainerItemProxy section */
		998F22FF233A8FC100013844 /* PBXContainerItemProxy */ = {
			isa = PBXContainerItemProxy;
			containerPortal = 99D8A2D323180260003F7DF7 /* Project object */;
			proxyType = 1;
			remoteGlobalIDString = 99D8A2DA23180260003F7DF7;
			remoteInfo = AkChat;
		};
/* End PBXContainerItemProxy section */

/* Begin PBXFileReference section */
		266556EC71BD972601209C96 /* Pods-AkChat.release.xcconfig */ = {isa = PBXFileReference; includeInIndex = 1; lastKnownFileType = text.xcconfig; name = "Pods-AkChat.release.xcconfig"; path = "Pods/Target Support Files/Pods-AkChat/Pods-AkChat.release.xcconfig"; sourceTree = "<group>"; };
		650047E2F8E31546ACBFC09F /* Pods_AkChat.framework */ = {isa = PBXFileReference; explicitFileType = wrapper.framework; includeInIndex = 0; path = Pods_AkChat.framework; sourceTree = BUILT_PRODUCTS_DIR; };
		6B6FEE4A02F189060BE7ADDA /* Pods-AkChatUnitsTests.debug.xcconfig */ = {isa = PBXFileReference; includeInIndex = 1; lastKnownFileType = text.xcconfig; name = "Pods-AkChatUnitsTests.debug.xcconfig"; path = "Pods/Target Support Files/Pods-AkChatUnitsTests/Pods-AkChatUnitsTests.debug.xcconfig"; sourceTree = "<group>"; };
		776D039E29AA1506C68A6C54 /* Pods-AkChat.debug.xcconfig */ = {isa = PBXFileReference; includeInIndex = 1; lastKnownFileType = text.xcconfig; name = "Pods-AkChat.debug.xcconfig"; path = "Pods/Target Support Files/Pods-AkChat/Pods-AkChat.debug.xcconfig"; sourceTree = "<group>"; };
		8FF8F0631985A355DAB6C8DE /* Pods-AkChatUnitsTests.release.xcconfig */ = {isa = PBXFileReference; includeInIndex = 1; lastKnownFileType = text.xcconfig; name = "Pods-AkChatUnitsTests.release.xcconfig"; path = "Pods/Target Support Files/Pods-AkChatUnitsTests/Pods-AkChatUnitsTests.release.xcconfig"; sourceTree = "<group>"; };
		991662CD23265CBB000F4F4C /* ConnectViewController.swift */ = {isa = PBXFileReference; lastKnownFileType = sourcecode.swift; path = ConnectViewController.swift; sourceTree = "<group>"; };
		991662CE23265CBB000F4F4C /* ConnectViewController.xib */ = {isa = PBXFileReference; lastKnownFileType = file.xib; path = ConnectViewController.xib; sourceTree = "<group>"; };
		991662D32326B855000F4F4C /* ConnectViewLayerShadow.swift */ = {isa = PBXFileReference; lastKnownFileType = sourcecode.swift; path = ConnectViewLayerShadow.swift; sourceTree = "<group>"; };
		991662D72326BA4B000F4F4C /* ButtonConnect.swift */ = {isa = PBXFileReference; lastKnownFileType = sourcecode.swift; path = ButtonConnect.swift; sourceTree = "<group>"; };
		992541E52354A32C00A37D5B /* NavigationTabBarViewController.swift */ = {isa = PBXFileReference; lastKnownFileType = sourcecode.swift; path = NavigationTabBarViewController.swift; sourceTree = "<group>"; };
		992541E92354A3BB00A37D5B /* MessagesViewController.swift */ = {isa = PBXFileReference; lastKnownFileType = sourcecode.swift; path = MessagesViewController.swift; sourceTree = "<group>"; };
		992541EA2354A3BB00A37D5B /* MessagesViewController.xib */ = {isa = PBXFileReference; lastKnownFileType = file.xib; path = MessagesViewController.xib; sourceTree = "<group>"; };
		992541EE2354A3EA00A37D5B /* SearchViewController.swift */ = {isa = PBXFileReference; lastKnownFileType = sourcecode.swift; path = SearchViewController.swift; sourceTree = "<group>"; };
		992541EF2354A3EA00A37D5B /* SearchViewController.xib */ = {isa = PBXFileReference; lastKnownFileType = file.xib; path = SearchViewController.xib; sourceTree = "<group>"; };
		992541F32354A47900A37D5B /* ProfileViewController.swift */ = {isa = PBXFileReference; lastKnownFileType = sourcecode.swift; path = ProfileViewController.swift; sourceTree = "<group>"; };
		992541F42354A47900A37D5B /* ProfileViewController.xib */ = {isa = PBXFileReference; lastKnownFileType = file.xib; path = ProfileViewController.xib; sourceTree = "<group>"; };
		992541F92354C42000A37D5B /* AuthServiceSignIn.swift */ = {isa = PBXFileReference; lastKnownFileType = sourcecode.swift; path = AuthServiceSignIn.swift; sourceTree = "<group>"; };
		992541FC2354C45000A37D5B /* AuthServiceLogOut.swift */ = {isa = PBXFileReference; lastKnownFileType = sourcecode.swift; path = AuthServiceLogOut.swift; sourceTree = "<group>"; };
		992541FF2354C57900A37D5B /* ConnectViewModel.swift */ = {isa = PBXFileReference; lastKnownFileType = sourcecode.swift; path = ConnectViewModel.swift; sourceTree = "<group>"; };
		9928206E2330D79200AF3667 /* CreateAccountViewController.swift */ = {isa = PBXFileReference; lastKnownFileType = sourcecode.swift; path = CreateAccountViewController.swift; sourceTree = "<group>"; };
		9928206F2330D79200AF3667 /* CreateAccountViewController.xib */ = {isa = PBXFileReference; lastKnownFileType = file.xib; path = CreateAccountViewController.xib; sourceTree = "<group>"; };
		992820742330DF8600AF3667 /* UIViewController.swift */ = {isa = PBXFileReference; lastKnownFileType = sourcecode.swift; path = UIViewController.swift; sourceTree = "<group>"; };
		9961A48D233A0D2A00078A19 /* Alerts.swift */ = {isa = PBXFileReference; lastKnownFileType = sourcecode.swift; path = Alerts.swift; sourceTree = "<group>"; };
		9961A490233A101000078A19 /* CreateAccountViewModel.swift */ = {isa = PBXFileReference; lastKnownFileType = sourcecode.swift; path = CreateAccountViewModel.swift; sourceTree = "<group>"; };
		9961A493233A363600078A19 /* AuthServiceSignUp.swift */ = {isa = PBXFileReference; lastKnownFileType = sourcecode.swift; path = AuthServiceSignUp.swift; sourceTree = "<group>"; };
		998F22FA233A8FC100013844 /* AkChatUnitsTests.xctest */ = {isa = PBXFileReference; explicitFileType = wrapper.cfbundle; includeInIndex = 0; path = AkChatUnitsTests.xctest; sourceTree = BUILT_PRODUCTS_DIR; };
		998F22FC233A8FC100013844 /* AkChatUnitsTests.swift */ = {isa = PBXFileReference; lastKnownFileType = sourcecode.swift; path = AkChatUnitsTests.swift; sourceTree = "<group>"; };
		998F22FE233A8FC100013844 /* Info.plist */ = {isa = PBXFileReference; lastKnownFileType = text.plist.xml; path = Info.plist; sourceTree = "<group>"; };
		99B113D8233B8DA100F98088 /* Constantes.swift */ = {isa = PBXFileReference; lastKnownFileType = sourcecode.swift; path = Constantes.swift; sourceTree = "<group>"; };
		99D8A2DB23180260003F7DF7 /* AkChat.app */ = {isa = PBXFileReference; explicitFileType = wrapper.application; includeInIndex = 0; path = AkChat.app; sourceTree = BUILT_PRODUCTS_DIR; };
		99D8A2DE23180260003F7DF7 /* AppDelegate.swift */ = {isa = PBXFileReference; lastKnownFileType = sourcecode.swift; path = AppDelegate.swift; sourceTree = "<group>"; };
		99D8A2E523180261003F7DF7 /* Assets.xcassets */ = {isa = PBXFileReference; lastKnownFileType = folder.assetcatalog; path = Assets.xcassets; sourceTree = "<group>"; };
		99D8A2E823180261003F7DF7 /* Base */ = {isa = PBXFileReference; lastKnownFileType = file.storyboard; name = Base; path = Base.lproj/LaunchScreen.storyboard; sourceTree = "<group>"; };
		99D8A2EA23180261003F7DF7 /* Info.plist */ = {isa = PBXFileReference; lastKnownFileType = text.plist.xml; path = Info.plist; sourceTree = "<group>"; };
		99D8A30323180571003F7DF7 /* GoogleService-Info.plist */ = {isa = PBXFileReference; fileEncoding = 4; lastKnownFileType = text.plist.xml; path = "GoogleService-Info.plist"; sourceTree = "<group>"; };
		F6C3F88ED55BDBD649B066F1 /* Pods_AkChatUnitsTests.framework */ = {isa = PBXFileReference; explicitFileType = wrapper.framework; includeInIndex = 0; path = Pods_AkChatUnitsTests.framework; sourceTree = BUILT_PRODUCTS_DIR; };
/* End PBXFileReference section */

/* Begin PBXFrameworksBuildPhase section */
		998F22F7233A8FC100013844 /* Frameworks */ = {
			isa = PBXFrameworksBuildPhase;
			buildActionMask = 2147483647;
			files = (
				3E063EDFB29E80EFEB307C77 /* Pods_AkChatUnitsTests.framework in Frameworks */,
			);
			runOnlyForDeploymentPostprocessing = 0;
		};
		99D8A2D823180260003F7DF7 /* Frameworks */ = {
			isa = PBXFrameworksBuildPhase;
			buildActionMask = 2147483647;
			files = (
				0F89982D5D92EB408744D8BB /* Pods_AkChat.framework in Frameworks */,
			);
			runOnlyForDeploymentPostprocessing = 0;
		};
/* End PBXFrameworksBuildPhase section */

/* Begin PBXGroup section */
		853A7A6942D784006FC3BD28 /* Frameworks */ = {
			isa = PBXGroup;
			children = (
				650047E2F8E31546ACBFC09F /* Pods_AkChat.framework */,
				F6C3F88ED55BDBD649B066F1 /* Pods_AkChatUnitsTests.framework */,
			);
			name = Frameworks;
			sourceTree = "<group>";
		};
		991662D123265CC8000F4F4C /* Authentification */ = {
			isa = PBXGroup;
			children = (
				992820722330D79B00AF3667 /* Connect */,
				992820732330D7B300AF3667 /* CreateAccount */,
			);
			path = Authentification;
			sourceTree = "<group>";
		};
		991662D22326B6F4000F4F4C /* ConnectView */ = {
			isa = PBXGroup;
			children = (
				991662D32326B855000F4F4C /* ConnectViewLayerShadow.swift */,
				991662D72326BA4B000F4F4C /* ButtonConnect.swift */,
			);
			path = ConnectView;
			sourceTree = "<group>";
		};
		991662D92326C4C5000F4F4C /* Extension */ = {
			isa = PBXGroup;
			children = (
				992820742330DF8600AF3667 /* UIViewController.swift */,
			);
			path = Extension;
			sourceTree = "<group>";
		};
		992541E42354A28000A37D5B /* Navigation */ = {
			isa = PBXGroup;
			children = (
				992541E52354A32C00A37D5B /* NavigationTabBarViewController.swift */,
			);
			path = Navigation;
			sourceTree = "<group>";
		};
		992541E72354A38000A37D5B /* App */ = {
			isa = PBXGroup;
			children = (
				992541E82354A39700A37D5B /* Messages */,
				992541ED2354A3C600A37D5B /* Search */,
				992541F22354A46200A37D5B /* Profile */,
			);
			path = App;
			sourceTree = "<group>";
		};
		992541E82354A39700A37D5B /* Messages */ = {
			isa = PBXGroup;
			children = (
				992541E92354A3BB00A37D5B /* MessagesViewController.swift */,
				992541EA2354A3BB00A37D5B /* MessagesViewController.xib */,
			);
			path = Messages;
			sourceTree = "<group>";
		};
		992541ED2354A3C600A37D5B /* Search */ = {
			isa = PBXGroup;
			children = (
				992541EE2354A3EA00A37D5B /* SearchViewController.swift */,
				992541EF2354A3EA00A37D5B /* SearchViewController.xib */,
			);
			path = Search;
			sourceTree = "<group>";
		};
		992541F22354A46200A37D5B /* Profile */ = {
			isa = PBXGroup;
			children = (
				992541F32354A47900A37D5B /* ProfileViewController.swift */,
				992541F42354A47900A37D5B /* ProfileViewController.xib */,
			);
			path = Profile;
			sourceTree = "<group>";
		};
		992541F72354C2D900A37D5B /* SignUp */ = {
			isa = PBXGroup;
			children = (
				9961A493233A363600078A19 /* AuthServiceSignUp.swift */,
			);
			path = SignUp;
			sourceTree = "<group>";
		};
		992541F82354C40400A37D5B /* SignIn */ = {
			isa = PBXGroup;
			children = (
				992541F92354C42000A37D5B /* AuthServiceSignIn.swift */,
			);
			path = SignIn;
			sourceTree = "<group>";
		};
		992541FB2354C43100A37D5B /* logOut */ = {
			isa = PBXGroup;
			children = (
				992541FC2354C45000A37D5B /* AuthServiceLogOut.swift */,
			);
			path = logOut;
			sourceTree = "<group>";
		};
		992541FE2354C56200A37D5B /* ConnectAccount */ = {
			isa = PBXGroup;
			children = (
				992541FF2354C57900A37D5B /* ConnectViewModel.swift */,
			);
			path = ConnectAccount;
			sourceTree = "<group>";
		};
		992820722330D79B00AF3667 /* Connect */ = {
			isa = PBXGroup;
			children = (
				991662CD23265CBB000F4F4C /* ConnectViewController.swift */,
				991662CE23265CBB000F4F4C /* ConnectViewController.xib */,
			);
			name = Connect;
			path = "Connectù";
			sourceTree = "<group>";
		};
		992820732330D7B300AF3667 /* CreateAccount */ = {
			isa = PBXGroup;
			children = (
				9928206E2330D79200AF3667 /* CreateAccountViewController.swift */,
				9928206F2330D79200AF3667 /* CreateAccountViewController.xib */,
			);
			path = CreateAccount;
			sourceTree = "<group>";
		};
		9961A48C233A0D1A00078A19 /* Alerts */ = {
			isa = PBXGroup;
			children = (
				9961A48D233A0D2A00078A19 /* Alerts.swift */,
			);
			path = Alerts;
			sourceTree = "<group>";
		};
		9961A48F233A0FE700078A19 /* CreateAccount */ = {
			isa = PBXGroup;
			children = (
				9961A490233A101000078A19 /* CreateAccountViewModel.swift */,
			);
			name = CreateAccount;
			path = "CreateAccountù";
			sourceTree = "<group>";
		};
		9961A492233A360D00078A19 /* AuthService */ = {
			isa = PBXGroup;
			children = (
				992541F82354C40400A37D5B /* SignIn */,
				992541F72354C2D900A37D5B /* SignUp */,
				992541FB2354C43100A37D5B /* logOut */,
			);
			path = AuthService;
			sourceTree = "<group>";
		};
		998F22FB233A8FC100013844 /* AkChatUnitsTests */ = {
			isa = PBXGroup;
			children = (
				998F22FC233A8FC100013844 /* AkChatUnitsTests.swift */,
				998F22FE233A8FC100013844 /* Info.plist */,
			);
			path = AkChatUnitsTests;
			sourceTree = "<group>";
		};
		99D8A2D223180260003F7DF7 = {
			isa = PBXGroup;
			children = (
				99D8A2DD23180260003F7DF7 /* AkChat */,
				998F22FB233A8FC100013844 /* AkChatUnitsTests */,
				99D8A2DC23180260003F7DF7 /* Products */,
				D95D13795D8E2B70029302EB /* Pods */,
				853A7A6942D784006FC3BD28 /* Frameworks */,
			);
			sourceTree = "<group>";
		};
		99D8A2DC23180260003F7DF7 /* Products */ = {
			isa = PBXGroup;
			children = (
				99D8A2DB23180260003F7DF7 /* AkChat.app */,
				998F22FA233A8FC100013844 /* AkChatUnitsTests.xctest */,
			);
			name = Products;
			sourceTree = "<group>";
		};
		99D8A2DD23180260003F7DF7 /* AkChat */ = {
			isa = PBXGroup;
			children = (
				991662D92326C4C5000F4F4C /* Extension */,
				99D8A30223180297003F7DF7 /* Supportings Files */,
				99D8A2FE2318026A003F7DF7 /* Model */,
				99D8A2FF23180275003F7DF7 /* Views */,
				99D8A30123180283003F7DF7 /* ViewModels */,
				99D8A3002318027C003F7DF7 /* Controllers */,
			);
			path = AkChat;
			sourceTree = "<group>";
		};
		99D8A2FE2318026A003F7DF7 /* Model */ = {
			isa = PBXGroup;
			children = (
				99B113D8233B8DA100F98088 /* Constantes.swift */,
				9961A492233A360D00078A19 /* AuthService */,
				9961A48C233A0D1A00078A19 /* Alerts */,
			);
			path = Model;
			sourceTree = "<group>";
		};
		99D8A2FF23180275003F7DF7 /* Views */ = {
			isa = PBXGroup;
			children = (
				991662D22326B6F4000F4F4C /* ConnectView */,
				99D8A2E723180261003F7DF7 /* LaunchScreen.storyboard */,
			);
			path = Views;
			sourceTree = "<group>";
		};
		99D8A3002318027C003F7DF7 /* Controllers */ = {
			isa = PBXGroup;
			children = (
				991662D123265CC8000F4F4C /* Authentification */,
				992541E42354A28000A37D5B /* Navigation */,
				992541E72354A38000A37D5B /* App */,
			);
			path = Controllers;
			sourceTree = "<group>";
		};
		99D8A30123180283003F7DF7 /* ViewModels */ = {
			isa = PBXGroup;
			children = (
				992541FE2354C56200A37D5B /* ConnectAccount */,
				9961A48F233A0FE700078A19 /* CreateAccount */,
			);
			path = ViewModels;
			sourceTree = "<group>";
		};
		99D8A30223180297003F7DF7 /* Supportings Files */ = {
			isa = PBXGroup;
			children = (
				99D8A2DE23180260003F7DF7 /* AppDelegate.swift */,
				99D8A2E523180261003F7DF7 /* Assets.xcassets */,
				99D8A30323180571003F7DF7 /* GoogleService-Info.plist */,
				99D8A2EA23180261003F7DF7 /* Info.plist */,
			);
			path = "Supportings Files";
			sourceTree = "<group>";
		};
		D95D13795D8E2B70029302EB /* Pods */ = {
			isa = PBXGroup;
			children = (
				776D039E29AA1506C68A6C54 /* Pods-AkChat.debug.xcconfig */,
				266556EC71BD972601209C96 /* Pods-AkChat.release.xcconfig */,
				6B6FEE4A02F189060BE7ADDA /* Pods-AkChatUnitsTests.debug.xcconfig */,
				8FF8F0631985A355DAB6C8DE /* Pods-AkChatUnitsTests.release.xcconfig */,
			);
			name = Pods;
			sourceTree = "<group>";
		};
/* End PBXGroup section */

/* Begin PBXNativeTarget section */
		998F22F9233A8FC100013844 /* AkChatUnitsTests */ = {
			isa = PBXNativeTarget;
			buildConfigurationList = 998F2303233A8FC100013844 /* Build configuration list for PBXNativeTarget "AkChatUnitsTests" */;
			buildPhases = (
				F92A7991B4B12FA76A2926D2 /* [CP] Check Pods Manifest.lock */,
				998F22F6233A8FC100013844 /* Sources */,
				998F22F7233A8FC100013844 /* Frameworks */,
				998F22F8233A8FC100013844 /* Resources */,
			);
			buildRules = (
			);
			dependencies = (
				998F2300233A8FC100013844 /* PBXTargetDependency */,
			);
			name = AkChatUnitsTests;
			productName = AkChatUnitsTests;
			productReference = 998F22FA233A8FC100013844 /* AkChatUnitsTests.xctest */;
			productType = "com.apple.product-type.bundle.unit-test";
		};
		99D8A2DA23180260003F7DF7 /* AkChat */ = {
			isa = PBXNativeTarget;
			buildConfigurationList = 99D8A2F823180261003F7DF7 /* Build configuration list for PBXNativeTarget "AkChat" */;
			buildPhases = (
				79FDB5A1C3F679F93E69E86F /* [CP] Check Pods Manifest.lock */,
				99D8A2D723180260003F7DF7 /* Sources */,
				99D8A2D823180260003F7DF7 /* Frameworks */,
				99D8A2D923180260003F7DF7 /* Resources */,
				8CB36830842B64298992F308 /* [CP] Embed Pods Frameworks */,
			);
			buildRules = (
			);
			dependencies = (
			);
			name = AkChat;
			productName = AkChat;
			productReference = 99D8A2DB23180260003F7DF7 /* AkChat.app */;
			productType = "com.apple.product-type.application";
		};
/* End PBXNativeTarget section */

/* Begin PBXProject section */
		99D8A2D323180260003F7DF7 /* Project object */ = {
			isa = PBXProject;
			attributes = {
				LastSwiftUpdateCheck = 1100;
				LastUpgradeCheck = 1030;
				ORGANIZATIONNAME = "Amg-Gauthier";
				TargetAttributes = {
					998F22F9233A8FC100013844 = {
						CreatedOnToolsVersion = 11.0;
						TestTargetID = 99D8A2DA23180260003F7DF7;
					};
					99D8A2DA23180260003F7DF7 = {
						CreatedOnToolsVersion = 10.3;
					};
				};
			};
			buildConfigurationList = 99D8A2D623180260003F7DF7 /* Build configuration list for PBXProject "AkChat" */;
			compatibilityVersion = "Xcode 9.3";
			developmentRegion = en;
			hasScannedForEncodings = 0;
			knownRegions = (
				en,
				Base,
			);
			mainGroup = 99D8A2D223180260003F7DF7;
			productRefGroup = 99D8A2DC23180260003F7DF7 /* Products */;
			projectDirPath = "";
			projectRoot = "";
			targets = (
				99D8A2DA23180260003F7DF7 /* AkChat */,
				998F22F9233A8FC100013844 /* AkChatUnitsTests */,
			);
		};
/* End PBXProject section */

/* Begin PBXResourcesBuildPhase section */
		998F22F8233A8FC100013844 /* Resources */ = {
			isa = PBXResourcesBuildPhase;
			buildActionMask = 2147483647;
			files = (
			);
			runOnlyForDeploymentPostprocessing = 0;
		};
		99D8A2D923180260003F7DF7 /* Resources */ = {
			isa = PBXResourcesBuildPhase;
			buildActionMask = 2147483647;
			files = (
				992541EC2354A3BB00A37D5B /* MessagesViewController.xib in Resources */,
				99D8A2E923180261003F7DF7 /* LaunchScreen.storyboard in Resources */,
				992541F62354A47900A37D5B /* ProfileViewController.xib in Resources */,
				99D8A30423180571003F7DF7 /* GoogleService-Info.plist in Resources */,
				992820712330D79200AF3667 /* CreateAccountViewController.xib in Resources */,
				99D8A2E623180261003F7DF7 /* Assets.xcassets in Resources */,
				991662D023265CBB000F4F4C /* ConnectViewController.xib in Resources */,
				992541F12354A3EA00A37D5B /* SearchViewController.xib in Resources */,
			);
			runOnlyForDeploymentPostprocessing = 0;
		};
/* End PBXResourcesBuildPhase section */

/* Begin PBXShellScriptBuildPhase section */
		79FDB5A1C3F679F93E69E86F /* [CP] Check Pods Manifest.lock */ = {
			isa = PBXShellScriptBuildPhase;
			buildActionMask = 2147483647;
			files = (
			);
			inputFileListPaths = (
			);
			inputPaths = (
				"${PODS_PODFILE_DIR_PATH}/Podfile.lock",
				"${PODS_ROOT}/Manifest.lock",
			);
			name = "[CP] Check Pods Manifest.lock";
			outputFileListPaths = (
			);
			outputPaths = (
				"$(DERIVED_FILE_DIR)/Pods-AkChat-checkManifestLockResult.txt",
			);
			runOnlyForDeploymentPostprocessing = 0;
			shellPath = /bin/sh;
			shellScript = "diff \"${PODS_PODFILE_DIR_PATH}/Podfile.lock\" \"${PODS_ROOT}/Manifest.lock\" > /dev/null\nif [ $? != 0 ] ; then\n    # print error to STDERR\n    echo \"error: The sandbox is not in sync with the Podfile.lock. Run 'pod install' or update your CocoaPods installation.\" >&2\n    exit 1\nfi\n# This output is used by Xcode 'outputs' to avoid re-running this script phase.\necho \"SUCCESS\" > \"${SCRIPT_OUTPUT_FILE_0}\"\n";
			showEnvVarsInLog = 0;
		};
		8CB36830842B64298992F308 /* [CP] Embed Pods Frameworks */ = {
			isa = PBXShellScriptBuildPhase;
			buildActionMask = 2147483647;
			files = (
			);
			inputFileListPaths = (
			);
			inputPaths = (
				"${SRCROOT}/Pods/Target Support Files/Pods-AkChat/Pods-AkChat-frameworks.sh",
				"${BUILT_PRODUCTS_DIR}/GTMSessionFetcher/GTMSessionFetcher.framework",
				"${BUILT_PRODUCTS_DIR}/GoogleUtilities/GoogleUtilities.framework",
				"${BUILT_PRODUCTS_DIR}/leveldb-library/leveldb.framework",
				"${BUILT_PRODUCTS_DIR}/nanopb/nanopb.framework",
			);
			name = "[CP] Embed Pods Frameworks";
			outputFileListPaths = (
			);
			outputPaths = (
				"${TARGET_BUILD_DIR}/${FRAMEWORKS_FOLDER_PATH}/GTMSessionFetcher.framework",
				"${TARGET_BUILD_DIR}/${FRAMEWORKS_FOLDER_PATH}/GoogleUtilities.framework",
				"${TARGET_BUILD_DIR}/${FRAMEWORKS_FOLDER_PATH}/leveldb.framework",
				"${TARGET_BUILD_DIR}/${FRAMEWORKS_FOLDER_PATH}/nanopb.framework",
			);
			runOnlyForDeploymentPostprocessing = 0;
			shellPath = /bin/sh;
			shellScript = "\"${SRCROOT}/Pods/Target Support Files/Pods-AkChat/Pods-AkChat-frameworks.sh\"\n";
			showEnvVarsInLog = 0;
		};
		F92A7991B4B12FA76A2926D2 /* [CP] Check Pods Manifest.lock */ = {
			isa = PBXShellScriptBuildPhase;
			buildActionMask = 2147483647;
			files = (
			);
			inputFileListPaths = (
			);
			inputPaths = (
				"${PODS_PODFILE_DIR_PATH}/Podfile.lock",
				"${PODS_ROOT}/Manifest.lock",
			);
			name = "[CP] Check Pods Manifest.lock";
			outputFileListPaths = (
			);
			outputPaths = (
				"$(DERIVED_FILE_DIR)/Pods-AkChatUnitsTests-checkManifestLockResult.txt",
			);
			runOnlyForDeploymentPostprocessing = 0;
			shellPath = /bin/sh;
			shellScript = "diff \"${PODS_PODFILE_DIR_PATH}/Podfile.lock\" \"${PODS_ROOT}/Manifest.lock\" > /dev/null\nif [ $? != 0 ] ; then\n    # print error to STDERR\n    echo \"error: The sandbox is not in sync with the Podfile.lock. Run 'pod install' or update your CocoaPods installation.\" >&2\n    exit 1\nfi\n# This output is used by Xcode 'outputs' to avoid re-running this script phase.\necho \"SUCCESS\" > \"${SCRIPT_OUTPUT_FILE_0}\"\n";
			showEnvVarsInLog = 0;
		};
/* End PBXShellScriptBuildPhase section */

/* Begin PBXSourcesBuildPhase section */
		998F22F6233A8FC100013844 /* Sources */ = {
			isa = PBXSourcesBuildPhase;
			buildActionMask = 2147483647;
			files = (
				998F22FD233A8FC100013844 /* AkChatUnitsTests.swift in Sources */,
			);
			runOnlyForDeploymentPostprocessing = 0;
		};
		99D8A2D723180260003F7DF7 /* Sources */ = {
			isa = PBXSourcesBuildPhase;
			buildActionMask = 2147483647;
			files = (
				992541E62354A32C00A37D5B /* NavigationTabBarViewController.swift in Sources */,
				992820752330DF8600AF3667 /* UIViewController.swift in Sources */,
				992820702330D79200AF3667 /* CreateAccountViewController.swift in Sources */,
				991662D82326BA4B000F4F4C /* ButtonConnect.swift in Sources */,
				992541F52354A47900A37D5B /* ProfileViewController.swift in Sources */,
				9961A494233A363600078A19 /* AuthServiceSignUp.swift in Sources */,
				99D8A2DF23180260003F7DF7 /* AppDelegate.swift in Sources */,
				992541EB2354A3BB00A37D5B /* MessagesViewController.swift in Sources */,
				99B113D9233B8DA100F98088 /* Constantes.swift in Sources */,
				992541F02354A3EA00A37D5B /* SearchViewController.swift in Sources */,
				9961A491233A101000078A19 /* CreateAccountViewModel.swift in Sources */,
				992541FA2354C42000A37D5B /* AuthServiceSignIn.swift in Sources */,
				991662CF23265CBB000F4F4C /* ConnectViewController.swift in Sources */,
				9961A48E233A0D2A00078A19 /* Alerts.swift in Sources */,
				991662D42326B855000F4F4C /* ConnectViewLayerShadow.swift in Sources */,
				992542002354C57900A37D5B /* ConnectViewModel.swift in Sources */,
				992541FD2354C45000A37D5B /* AuthServiceLogOut.swift in Sources */,
			);
			runOnlyForDeploymentPostprocessing = 0;
		};
/* End PBXSourcesBuildPhase section */

/* Begin PBXTargetDependency section */
		998F2300233A8FC100013844 /* PBXTargetDependency */ = {
			isa = PBXTargetDependency;
			target = 99D8A2DA23180260003F7DF7 /* AkChat */;
			targetProxy = 998F22FF233A8FC100013844 /* PBXContainerItemProxy */;
		};
/* End PBXTargetDependency section */

/* Begin PBXVariantGroup section */
		99D8A2E723180261003F7DF7 /* LaunchScreen.storyboard */ = {
			isa = PBXVariantGroup;
			children = (
				99D8A2E823180261003F7DF7 /* Base */,
			);
			name = LaunchScreen.storyboard;
			sourceTree = "<group>";
		};
/* End PBXVariantGroup section */

/* Begin XCBuildConfiguration section */
		998F2301233A8FC100013844 /* Debug */ = {
			isa = XCBuildConfiguration;
			baseConfigurationReference = 6B6FEE4A02F189060BE7ADDA /* Pods-AkChatUnitsTests.debug.xcconfig */;
			buildSettings = {
				BUNDLE_LOADER = "$(TEST_HOST)";
				CODE_SIGN_STYLE = Automatic;
				DEVELOPMENT_TEAM = P8N8P57QSQ;
				INFOPLIST_FILE = AkChatUnitsTests/Info.plist;
				IPHONEOS_DEPLOYMENT_TARGET = 13.0;
				LD_RUNPATH_SEARCH_PATHS = (
					"$(inherited)",
					"@executable_path/Frameworks",
					"@loader_path/Frameworks",
				);
				PRODUCT_BUNDLE_IDENTIFIER = fr.amgGauthier.AkChatUnitsTests;
				PRODUCT_NAME = "$(TARGET_NAME)";
				SWIFT_VERSION = 5.0;
				TARGETED_DEVICE_FAMILY = "1,2";
				TEST_HOST = "$(BUILT_PRODUCTS_DIR)/AkChat.app/AkChat";
			};
			name = Debug;
		};
		998F2302233A8FC100013844 /* Release */ = {
			isa = XCBuildConfiguration;
			baseConfigurationReference = 8FF8F0631985A355DAB6C8DE /* Pods-AkChatUnitsTests.release.xcconfig */;
			buildSettings = {
				BUNDLE_LOADER = "$(TEST_HOST)";
				CODE_SIGN_STYLE = Automatic;
				DEVELOPMENT_TEAM = P8N8P57QSQ;
				INFOPLIST_FILE = AkChatUnitsTests/Info.plist;
				IPHONEOS_DEPLOYMENT_TARGET = 13.0;
				LD_RUNPATH_SEARCH_PATHS = (
					"$(inherited)",
					"@executable_path/Frameworks",
					"@loader_path/Frameworks",
				);
				PRODUCT_BUNDLE_IDENTIFIER = fr.amgGauthier.AkChatUnitsTests;
				PRODUCT_NAME = "$(TARGET_NAME)";
				SWIFT_VERSION = 5.0;
				TARGETED_DEVICE_FAMILY = "1,2";
				TEST_HOST = "$(BUILT_PRODUCTS_DIR)/AkChat.app/AkChat";
			};
			name = Release;
		};
		99D8A2F623180261003F7DF7 /* Debug */ = {
			isa = XCBuildConfiguration;
			buildSettings = {
				ALWAYS_SEARCH_USER_PATHS = NO;
				CLANG_ANALYZER_NONNULL = YES;
				CLANG_ANALYZER_NUMBER_OBJECT_CONVERSION = YES_AGGRESSIVE;
				CLANG_CXX_LANGUAGE_STANDARD = "gnu++14";
				CLANG_CXX_LIBRARY = "libc++";
				CLANG_ENABLE_MODULES = YES;
				CLANG_ENABLE_OBJC_ARC = YES;
				CLANG_ENABLE_OBJC_WEAK = YES;
				CLANG_WARN_BLOCK_CAPTURE_AUTORELEASING = YES;
				CLANG_WARN_BOOL_CONVERSION = YES;
				CLANG_WARN_COMMA = YES;
				CLANG_WARN_CONSTANT_CONVERSION = YES;
				CLANG_WARN_DEPRECATED_OBJC_IMPLEMENTATIONS = YES;
				CLANG_WARN_DIRECT_OBJC_ISA_USAGE = YES_ERROR;
				CLANG_WARN_DOCUMENTATION_COMMENTS = YES;
				CLANG_WARN_EMPTY_BODY = YES;
				CLANG_WARN_ENUM_CONVERSION = YES;
				CLANG_WARN_INFINITE_RECURSION = YES;
				CLANG_WARN_INT_CONVERSION = YES;
				CLANG_WARN_NON_LITERAL_NULL_CONVERSION = YES;
				CLANG_WARN_OBJC_IMPLICIT_RETAIN_SELF = YES;
				CLANG_WARN_OBJC_LITERAL_CONVERSION = YES;
				CLANG_WARN_OBJC_ROOT_CLASS = YES_ERROR;
				CLANG_WARN_RANGE_LOOP_ANALYSIS = YES;
				CLANG_WARN_STRICT_PROTOTYPES = YES;
				CLANG_WARN_SUSPICIOUS_MOVE = YES;
				CLANG_WARN_UNGUARDED_AVAILABILITY = YES_AGGRESSIVE;
				CLANG_WARN_UNREACHABLE_CODE = YES;
				CLANG_WARN__DUPLICATE_METHOD_MATCH = YES;
				CODE_SIGN_IDENTITY = "iPhone Developer";
				COPY_PHASE_STRIP = NO;
				DEBUG_INFORMATION_FORMAT = dwarf;
				ENABLE_STRICT_OBJC_MSGSEND = YES;
				ENABLE_TESTABILITY = YES;
				GCC_C_LANGUAGE_STANDARD = gnu11;
				GCC_DYNAMIC_NO_PIC = NO;
				GCC_NO_COMMON_BLOCKS = YES;
				GCC_OPTIMIZATION_LEVEL = 0;
				GCC_PREPROCESSOR_DEFINITIONS = (
					"DEBUG=1",
					"$(inherited)",
				);
				GCC_WARN_64_TO_32_BIT_CONVERSION = YES;
				GCC_WARN_ABOUT_RETURN_TYPE = YES_ERROR;
				GCC_WARN_UNDECLARED_SELECTOR = YES;
				GCC_WARN_UNINITIALIZED_AUTOS = YES_AGGRESSIVE;
				GCC_WARN_UNUSED_FUNCTION = YES;
				GCC_WARN_UNUSED_VARIABLE = YES;
				IPHONEOS_DEPLOYMENT_TARGET = 12.4;
				MTL_ENABLE_DEBUG_INFO = INCLUDE_SOURCE;
				MTL_FAST_MATH = YES;
				ONLY_ACTIVE_ARCH = YES;
				SDKROOT = iphoneos;
				SWIFT_ACTIVE_COMPILATION_CONDITIONS = DEBUG;
				SWIFT_OPTIMIZATION_LEVEL = "-Onone";
			};
			name = Debug;
		};
		99D8A2F723180261003F7DF7 /* Release */ = {
			isa = XCBuildConfiguration;
			buildSettings = {
				ALWAYS_SEARCH_USER_PATHS = NO;
				CLANG_ANALYZER_NONNULL = YES;
				CLANG_ANALYZER_NUMBER_OBJECT_CONVERSION = YES_AGGRESSIVE;
				CLANG_CXX_LANGUAGE_STANDARD = "gnu++14";
				CLANG_CXX_LIBRARY = "libc++";
				CLANG_ENABLE_MODULES = YES;
				CLANG_ENABLE_OBJC_ARC = YES;
				CLANG_ENABLE_OBJC_WEAK = YES;
				CLANG_WARN_BLOCK_CAPTURE_AUTORELEASING = YES;
				CLANG_WARN_BOOL_CONVERSION = YES;
				CLANG_WARN_COMMA = YES;
				CLANG_WARN_CONSTANT_CONVERSION = YES;
				CLANG_WARN_DEPRECATED_OBJC_IMPLEMENTATIONS = YES;
				CLANG_WARN_DIRECT_OBJC_ISA_USAGE = YES_ERROR;
				CLANG_WARN_DOCUMENTATION_COMMENTS = YES;
				CLANG_WARN_EMPTY_BODY = YES;
				CLANG_WARN_ENUM_CONVERSION = YES;
				CLANG_WARN_INFINITE_RECURSION = YES;
				CLANG_WARN_INT_CONVERSION = YES;
				CLANG_WARN_NON_LITERAL_NULL_CONVERSION = YES;
				CLANG_WARN_OBJC_IMPLICIT_RETAIN_SELF = YES;
				CLANG_WARN_OBJC_LITERAL_CONVERSION = YES;
				CLANG_WARN_OBJC_ROOT_CLASS = YES_ERROR;
				CLANG_WARN_RANGE_LOOP_ANALYSIS = YES;
				CLANG_WARN_STRICT_PROTOTYPES = YES;
				CLANG_WARN_SUSPICIOUS_MOVE = YES;
				CLANG_WARN_UNGUARDED_AVAILABILITY = YES_AGGRESSIVE;
				CLANG_WARN_UNREACHABLE_CODE = YES;
				CLANG_WARN__DUPLICATE_METHOD_MATCH = YES;
				CODE_SIGN_IDENTITY = "iPhone Developer";
				COPY_PHASE_STRIP = NO;
				DEBUG_INFORMATION_FORMAT = "dwarf-with-dsym";
				ENABLE_NS_ASSERTIONS = NO;
				ENABLE_STRICT_OBJC_MSGSEND = YES;
				GCC_C_LANGUAGE_STANDARD = gnu11;
				GCC_NO_COMMON_BLOCKS = YES;
				GCC_WARN_64_TO_32_BIT_CONVERSION = YES;
				GCC_WARN_ABOUT_RETURN_TYPE = YES_ERROR;
				GCC_WARN_UNDECLARED_SELECTOR = YES;
				GCC_WARN_UNINITIALIZED_AUTOS = YES_AGGRESSIVE;
				GCC_WARN_UNUSED_FUNCTION = YES;
				GCC_WARN_UNUSED_VARIABLE = YES;
				IPHONEOS_DEPLOYMENT_TARGET = 12.4;
				MTL_ENABLE_DEBUG_INFO = NO;
				MTL_FAST_MATH = YES;
				SDKROOT = iphoneos;
				SWIFT_COMPILATION_MODE = wholemodule;
				SWIFT_OPTIMIZATION_LEVEL = "-O";
				VALIDATE_PRODUCT = YES;
			};
			name = Release;
		};
		99D8A2F923180261003F7DF7 /* Debug */ = {
			isa = XCBuildConfiguration;
			baseConfigurationReference = 776D039E29AA1506C68A6C54 /* Pods-AkChat.debug.xcconfig */;
			buildSettings = {
				ASSETCATALOG_COMPILER_APPICON_NAME = AppIcon;
				CODE_SIGN_STYLE = Automatic;
				DEVELOPMENT_TEAM = P8N8P57QSQ;
				INFOPLIST_FILE = "$(SRCROOT)/AkChat/Supportings Files/Info.plist";
				IPHONEOS_DEPLOYMENT_TARGET = 12.4;
				LD_RUNPATH_SEARCH_PATHS = (
					"$(inherited)",
					"@executable_path/Frameworks",
				);
				PRODUCT_BUNDLE_IDENTIFIER = fr.amgGauthier.AkChat;
				PRODUCT_NAME = "$(TARGET_NAME)";
				SWIFT_VERSION = 5.0;
				TARGETED_DEVICE_FAMILY = 1;
			};
			name = Debug;
		};
		99D8A2FA23180261003F7DF7 /* Release */ = {
			isa = XCBuildConfiguration;
			baseConfigurationReference = 266556EC71BD972601209C96 /* Pods-AkChat.release.xcconfig */;
			buildSettings = {
				ASSETCATALOG_COMPILER_APPICON_NAME = AppIcon;
				CODE_SIGN_STYLE = Automatic;
				DEVELOPMENT_TEAM = P8N8P57QSQ;
				INFOPLIST_FILE = "$(SRCROOT)/AkChat/Supportings Files/Info.plist";
				IPHONEOS_DEPLOYMENT_TARGET = 12.4;
				LD_RUNPATH_SEARCH_PATHS = (
					"$(inherited)",
					"@executable_path/Frameworks",
				);
				PRODUCT_BUNDLE_IDENTIFIER = fr.amgGauthier.AkChat;
				PRODUCT_NAME = "$(TARGET_NAME)";
				SWIFT_VERSION = 5.0;
				TARGETED_DEVICE_FAMILY = 1;
			};
			name = Release;
		};
/* End XCBuildConfiguration section */

/* Begin XCConfigurationList section */
		998F2303233A8FC100013844 /* Build configuration list for PBXNativeTarget "AkChatUnitsTests" */ = {
			isa = XCConfigurationList;
			buildConfigurations = (
				998F2301233A8FC100013844 /* Debug */,
				998F2302233A8FC100013844 /* Release */,
			);
			defaultConfigurationIsVisible = 0;
			defaultConfigurationName = Release;
		};
		99D8A2D623180260003F7DF7 /* Build configuration list for PBXProject "AkChat" */ = {
			isa = XCConfigurationList;
			buildConfigurations = (
				99D8A2F623180261003F7DF7 /* Debug */,
				99D8A2F723180261003F7DF7 /* Release */,
			);
			defaultConfigurationIsVisible = 0;
			defaultConfigurationName = Release;
		};
		99D8A2F823180261003F7DF7 /* Build configuration list for PBXNativeTarget "AkChat" */ = {
			isa = XCConfigurationList;
			buildConfigurations = (
				99D8A2F923180261003F7DF7 /* Debug */,
				99D8A2FA23180261003F7DF7 /* Release */,
			);
			defaultConfigurationIsVisible = 0;
			defaultConfigurationName = Release;
		};
/* End XCConfigurationList section */
	};
	rootObject = 99D8A2D323180260003F7DF7 /* Project object */;
}
